
Microsoft Visual Studio Solution File, Format Version 12.00
# Visual Studio 2012
Project("{FAE04EC0-301F-11D3-BF4B-00C04F79EFBC}") = "SharePoint2013.WSPExtractor", "SharePoint2013.WSPExtractor\SharePoint2013.WSPExtractor.csproj", "{729B0A41-B782-44DD-A9EF-121FA5D8A948}"
EndProject
Global
	GlobalSection(TeamFoundationVersionControl) = preSolution
		SccNumberOfProjects = 2
		SccEnterpriseProvider = {4CA58AB2-18FA-4F8D-95D4-32DDF27D184C}
		SccTeamFoundationServer = https://tfs.codeplex.com/tfs/tfs29
		SccLocalPath0 = .
		SccProjectUniqueName1 = SharePoint2013.WSPExtractor\\SharePoint2013.WSPExtractor.csproj
		SccProjectName1 = SharePoint2013.WSPExtractor
		SccLocalPath1 = SharePoint2013.WSPExtractor
	EndGlobalSection
	GlobalSection(SolutionConfigurationPlatforms) = preSolution
		Debug|Any CPU = Debug|Any CPU
		Release|Any CPU = Release|Any CPU
	EndGlobalSection
	GlobalSection(ProjectConfigurationPlatforms) = postSolution
		{729B0A41-B782-44DD-A9EF-121FA5D8A948}.Debug|Any CPU.ActiveCfg = Debug|Any CPU
		{729B0A41-B782-44DD-A9EF-121FA5D8A948}.Debug|Any CPU.Build.0 = Debug|Any CPU
		{729B0A41-B782-44DD-A9EF-121FA5D8A948}.Release|Any CPU.ActiveCfg = Release|Any CPU
		{729B0A41-B782-44DD-A9EF-121FA5D8A948}.Release|Any CPU.Build.0 = Release|Any CPU
	EndGlobalSection
	GlobalSection(SolutionProperties) = preSolution
		HideSolutionNode = FALSE
	EndGlobalSection
	GlobalSection(SubversionScc) = preSolution
		Svn-Managed = True
		Manager = AnkhSVN - Subversion Support for Visual Studio
	EndGlobalSection
EndGlobal
